// !$*UTF8*$!
{
	archiveVersion = 1;
	classes = {
	};
	objectVersion = 56;
	objects = {

/* Begin PBXBuildFile section */
		8706AB782A9FBE9C007D6DA4 /* AppDelegate.swift in Sources */ = {isa = PBXBuildFile; fileRef = 8706AB772A9FBE9C007D6DA4 /* AppDelegate.swift */; };
		8706AB7A2A9FBE9C007D6DA4 /* SceneDelegate.swift in Sources */ = {isa = PBXBuildFile; fileRef = 8706AB792A9FBE9C007D6DA4 /* SceneDelegate.swift */; };
		8706AB7C2A9FBE9C007D6DA4 /* ViewOnBorading.swift in Sources */ = {isa = PBXBuildFile; fileRef = 8706AB7B2A9FBE9C007D6DA4 /* ViewOnBorading.swift */; };
		8706AB812A9FBE9D007D6DA4 /* Assets.xcassets in Resources */ = {isa = PBXBuildFile; fileRef = 8706AB802A9FBE9D007D6DA4 /* Assets.xcassets */; };
		8706AB842A9FBE9D007D6DA4 /* LaunchScreen.storyboard in Resources */ = {isa = PBXBuildFile; fileRef = 8706AB822A9FBE9D007D6DA4 /* LaunchScreen.storyboard */; };
		8706AB902AA07B23007D6DA4 /* OnBoardingView.swift in Sources */ = {isa = PBXBuildFile; fileRef = 8706AB8F2AA07B23007D6DA4 /* OnBoardingView.swift */; };
		8706AB922AA0D617007D6DA4 /* LoginVC.swift in Sources */ = {isa = PBXBuildFile; fileRef = 8706AB912AA0D617007D6DA4 /* LoginVC.swift */; };
		8754F8402AA4924D008F4596 /* TextFieldExtension.swift in Sources */ = {isa = PBXBuildFile; fileRef = 8754F83F2AA4924D008F4596 /* TextFieldExtension.swift */; };
		8754F8422AA4936F008F4596 /* RegVC.swift in Sources */ = {isa = PBXBuildFile; fileRef = 8754F8412AA4936F008F4596 /* RegVC.swift */; };
		8754F8442AA4A755008F4596 /* CheckBoxButton.swift in Sources */ = {isa = PBXBuildFile; fileRef = 8754F8432AA4A755008F4596 /* CheckBoxButton.swift */; };
		8754F86C2AA4BB34008F4596 /* ViewController.swift in Sources */ = {isa = PBXBuildFile; fileRef = 8754F86B2AA4BB34008F4596 /* ViewController.swift */; };
		87789A6A2ACD7FAE002FDE0C /* AgentFormPhysical.swift in Sources */ = {isa = PBXBuildFile; fileRef = 87789A692ACD7FAE002FDE0C /* AgentFormPhysical.swift */; };
		87789A6D2ACEE62D002FDE0C /* BidStep2VC.swift in Sources */ = {isa = PBXBuildFile; fileRef = 87789A6C2ACEE62D002FDE0C /* BidStep2VC.swift */; };
		87789A6F2ACEF3CF002FDE0C /* BidStep3VC.swift in Sources */ = {isa = PBXBuildFile; fileRef = 87789A6E2ACEF3CF002FDE0C /* BidStep3VC.swift */; };
		87800C3B2AB23FCD005AFBCF /* LoginCodeVC.swift in Sources */ = {isa = PBXBuildFile; fileRef = 87800C3A2AB23FCD005AFBCF /* LoginCodeVC.swift */; };
		87B1CE142AA4CD5F002F72B9 /* CustomTextField.swift in Sources */ = {isa = PBXBuildFile; fileRef = 87B1CE132AA4CD5F002F72B9 /* CustomTextField.swift */; };
		87B1CE162AA4CE8D002F72B9 /* FormLabel.swift in Sources */ = {isa = PBXBuildFile; fileRef = 87B1CE152AA4CE8D002F72B9 /* FormLabel.swift */; };
		87B1CE182AA4DFC5002F72B9 /* AskLabel.swift in Sources */ = {isa = PBXBuildFile; fileRef = 87B1CE172AA4DFC5002F72B9 /* AskLabel.swift */; };
		87B1CE1A2AA4F3C4002F72B9 /* TehnoBlueButton.swift in Sources */ = {isa = PBXBuildFile; fileRef = 87B1CE192AA4F3C4002F72B9 /* TehnoBlueButton.swift */; };
		87EA8F8A2AD421CE00331A32 /* BidStep4VC.swift in Sources */ = {isa = PBXBuildFile; fileRef = 87EA8F892AD421CE00331A32 /* BidStep4VC.swift */; };
		87EA8F8C2AD424AE00331A32 /* RadioButton.swift in Sources */ = {isa = PBXBuildFile; fileRef = 87EA8F8B2AD424AE00331A32 /* RadioButton.swift */; };
		87EE7B0F2AC6BE1B00161D9F /* AgentContractVC.swift in Sources */ = {isa = PBXBuildFile; fileRef = 87EE7B0E2AC6BE1B00161D9F /* AgentContractVC.swift */; };
		87EE7B112AC6BEB900161D9F /* MyBidVC.swift in Sources */ = {isa = PBXBuildFile; fileRef = 87EE7B102AC6BEB900161D9F /* MyBidVC.swift */; };
		87EE7B152AC6BFC500161D9F /* TabController.swift in Sources */ = {isa = PBXBuildFile; fileRef = 87EE7B142AC6BFC500161D9F /* TabController.swift */; };
		87EE7B1A2AC723D500161D9F /* TarrifBidVC.swift in Sources */ = {isa = PBXBuildFile; fileRef = 87EE7B192AC723D400161D9F /* TarrifBidVC.swift */; };
		87EE7B1C2AC9A1DE00161D9F /* ProfileVC.swift in Sources */ = {isa = PBXBuildFile; fileRef = 87EE7B1B2AC9A1DE00161D9F /* ProfileVC.swift */; };
		87EE7B1E2ACC5B1E00161D9F /* NSMutableAttributedString.swift in Sources */ = {isa = PBXBuildFile; fileRef = 87EE7B1D2ACC5B1E00161D9F /* NSMutableAttributedString.swift */; };
/* End PBXBuildFile section */

/* Begin PBXFileReference section */
		8706AB742A9FBE9C007D6DA4 /* TehnoleasingCabinet.app */ = {isa = PBXFileReference; explicitFileType = wrapper.application; includeInIndex = 0; path = TehnoleasingCabinet.app; sourceTree = BUILT_PRODUCTS_DIR; };
		8706AB772A9FBE9C007D6DA4 /* AppDelegate.swift */ = {isa = PBXFileReference; lastKnownFileType = sourcecode.swift; path = AppDelegate.swift; sourceTree = "<group>"; };
		8706AB792A9FBE9C007D6DA4 /* SceneDelegate.swift */ = {isa = PBXFileReference; lastKnownFileType = sourcecode.swift; path = SceneDelegate.swift; sourceTree = "<group>"; };
		8706AB7B2A9FBE9C007D6DA4 /* ViewOnBorading.swift */ = {isa = PBXFileReference; lastKnownFileType = sourcecode.swift; path = ViewOnBorading.swift; sourceTree = "<group>"; };
		8706AB802A9FBE9D007D6DA4 /* Assets.xcassets */ = {isa = PBXFileReference; lastKnownFileType = folder.assetcatalog; path = Assets.xcassets; sourceTree = "<group>"; };
		8706AB832A9FBE9D007D6DA4 /* Base */ = {isa = PBXFileReference; lastKnownFileType = file.storyboard; name = Base; path = Base.lproj/LaunchScreen.storyboard; sourceTree = "<group>"; };
		8706AB852A9FBE9D007D6DA4 /* Info.plist */ = {isa = PBXFileReference; lastKnownFileType = text.plist.xml; path = Info.plist; sourceTree = "<group>"; };
		8706AB8F2AA07B23007D6DA4 /* OnBoardingView.swift */ = {isa = PBXFileReference; lastKnownFileType = sourcecode.swift; path = OnBoardingView.swift; sourceTree = "<group>"; };
		8706AB912AA0D617007D6DA4 /* LoginVC.swift */ = {isa = PBXFileReference; lastKnownFileType = sourcecode.swift; path = LoginVC.swift; sourceTree = "<group>"; };
		8754F83F2AA4924D008F4596 /* TextFieldExtension.swift */ = {isa = PBXFileReference; lastKnownFileType = sourcecode.swift; path = TextFieldExtension.swift; sourceTree = "<group>"; };
		8754F8412AA4936F008F4596 /* RegVC.swift */ = {isa = PBXFileReference; lastKnownFileType = sourcecode.swift; path = RegVC.swift; sourceTree = "<group>"; };
		8754F8432AA4A755008F4596 /* CheckBoxButton.swift */ = {isa = PBXFileReference; lastKnownFileType = sourcecode.swift; path = CheckBoxButton.swift; sourceTree = "<group>"; };
		8754F86B2AA4BB34008F4596 /* ViewController.swift */ = {isa = PBXFileReference; lastKnownFileType = sourcecode.swift; path = ViewController.swift; sourceTree = "<group>"; };
		87789A692ACD7FAE002FDE0C /* AgentFormPhysical.swift */ = {isa = PBXFileReference; lastKnownFileType = sourcecode.swift; path = AgentFormPhysical.swift; sourceTree = "<group>"; };
		87789A6C2ACEE62D002FDE0C /* BidStep2VC.swift */ = {isa = PBXFileReference; lastKnownFileType = sourcecode.swift; path = BidStep2VC.swift; sourceTree = "<group>"; };
		87789A6E2ACEF3CF002FDE0C /* BidStep3VC.swift */ = {isa = PBXFileReference; lastKnownFileType = sourcecode.swift; path = BidStep3VC.swift; sourceTree = "<group>"; };
		87800C3A2AB23FCD005AFBCF /* LoginCodeVC.swift */ = {isa = PBXFileReference; lastKnownFileType = sourcecode.swift; path = LoginCodeVC.swift; sourceTree = "<group>"; };
		87B1CE132AA4CD5F002F72B9 /* CustomTextField.swift */ = {isa = PBXFileReference; lastKnownFileType = sourcecode.swift; path = CustomTextField.swift; sourceTree = "<group>"; };
		87B1CE152AA4CE8D002F72B9 /* FormLabel.swift */ = {isa = PBXFileReference; lastKnownFileType = sourcecode.swift; path = FormLabel.swift; sourceTree = "<group>"; };
		87B1CE172AA4DFC5002F72B9 /* AskLabel.swift */ = {isa = PBXFileReference; lastKnownFileType = sourcecode.swift; path = AskLabel.swift; sourceTree = "<group>"; };
		87B1CE192AA4F3C4002F72B9 /* TehnoBlueButton.swift */ = {isa = PBXFileReference; lastKnownFileType = sourcecode.swift; path = TehnoBlueButton.swift; sourceTree = "<group>"; };
		87EA8F892AD421CE00331A32 /* BidStep4VC.swift */ = {isa = PBXFileReference; lastKnownFileType = sourcecode.swift; path = BidStep4VC.swift; sourceTree = "<group>"; };
		87EA8F8B2AD424AE00331A32 /* RadioButton.swift */ = {isa = PBXFileReference; lastKnownFileType = sourcecode.swift; path = RadioButton.swift; sourceTree = "<group>"; };
		87EE7B0E2AC6BE1B00161D9F /* AgentContractVC.swift */ = {isa = PBXFileReference; lastKnownFileType = sourcecode.swift; path = AgentContractVC.swift; sourceTree = "<group>"; };
		87EE7B102AC6BEB900161D9F /* MyBidVC.swift */ = {isa = PBXFileReference; lastKnownFileType = sourcecode.swift; path = MyBidVC.swift; sourceTree = "<group>"; };
		87EE7B142AC6BFC500161D9F /* TabController.swift */ = {isa = PBXFileReference; lastKnownFileType = sourcecode.swift; path = TabController.swift; sourceTree = "<group>"; };
		87EE7B192AC723D400161D9F /* TarrifBidVC.swift */ = {isa = PBXFileReference; lastKnownFileType = sourcecode.swift; path = TarrifBidVC.swift; sourceTree = "<group>"; };
		87EE7B1B2AC9A1DE00161D9F /* ProfileVC.swift */ = {isa = PBXFileReference; lastKnownFileType = sourcecode.swift; path = ProfileVC.swift; sourceTree = "<group>"; };
		87EE7B1D2ACC5B1E00161D9F /* NSMutableAttributedString.swift */ = {isa = PBXFileReference; lastKnownFileType = sourcecode.swift; path = NSMutableAttributedString.swift; sourceTree = "<group>"; };
/* End PBXFileReference section */

/* Begin PBXFrameworksBuildPhase section */
		8706AB712A9FBE9C007D6DA4 /* Frameworks */ = {
			isa = PBXFrameworksBuildPhase;
			buildActionMask = 2147483647;
			files = (
			);
			runOnlyForDeploymentPostprocessing = 0;
		};
/* End PBXFrameworksBuildPhase section */

/* Begin PBXGroup section */
		8706AB6B2A9FBE9C007D6DA4 = {
			isa = PBXGroup;
			children = (
				8706AB762A9FBE9C007D6DA4 /* TehnoleasingCabinet */,
				8706AB752A9FBE9C007D6DA4 /* Products */,
			);
			sourceTree = "<group>";
		};
		8706AB752A9FBE9C007D6DA4 /* Products */ = {
			isa = PBXGroup;
			children = (
				8706AB742A9FBE9C007D6DA4 /* TehnoleasingCabinet.app */,
			);
			name = Products;
			sourceTree = "<group>";
		};
		8706AB762A9FBE9C007D6DA4 /* TehnoleasingCabinet */ = {
			isa = PBXGroup;
			children = (
				8706AB8E2A9FCCB9007D6DA4 /* Support */,
				8706AB8D2A9FCCB2007D6DA4 /* Controller */,
				8706AB8C2A9FCCA9007D6DA4 /* View */,
				8706AB8B2A9FCC9C007D6DA4 /* Model */,
				8706AB802A9FBE9D007D6DA4 /* Assets.xcassets */,
				8706AB852A9FBE9D007D6DA4 /* Info.plist */,
			);
			path = TehnoleasingCabinet;
			sourceTree = "<group>";
		};
		8706AB8B2A9FCC9C007D6DA4 /* Model */ = {
			isa = PBXGroup;
			children = (
			);
			path = Model;
			sourceTree = "<group>";
		};
		8706AB8C2A9FCCA9007D6DA4 /* View */ = {
			isa = PBXGroup;
			children = (
				8706AB8F2AA07B23007D6DA4 /* OnBoardingView.swift */,
				8754F8432AA4A755008F4596 /* CheckBoxButton.swift */,
				87B1CE132AA4CD5F002F72B9 /* CustomTextField.swift */,
				87B1CE152AA4CE8D002F72B9 /* FormLabel.swift */,
				87B1CE172AA4DFC5002F72B9 /* AskLabel.swift */,
				87B1CE192AA4F3C4002F72B9 /* TehnoBlueButton.swift */,
				87EA8F8B2AD424AE00331A32 /* RadioButton.swift */,
			);
			path = View;
			sourceTree = "<group>";
		};
		8706AB8D2A9FCCB2007D6DA4 /* Controller */ = {
			isa = PBXGroup;
			children = (
				87789A6B2ACEE234002FDE0C /* LoginReg */,
				87EE7B162AC7061A00161D9F /* Tariff */,
				87EE7B0D2AC6BDE000161D9F /* AgentDogovor */,
				8706AB7B2A9FBE9C007D6DA4 /* ViewOnBorading.swift */,
				8754F86B2AA4BB34008F4596 /* ViewController.swift */,
				87EE7B142AC6BFC500161D9F /* TabController.swift */,
				87EE7B1B2AC9A1DE00161D9F /* ProfileVC.swift */,
			);
			path = Controller;
			sourceTree = "<group>";
		};
		8706AB8E2A9FCCB9007D6DA4 /* Support */ = {
			isa = PBXGroup;
			children = (
				8754F83E2AA4922E008F4596 /* Extension */,
				8706AB772A9FBE9C007D6DA4 /* AppDelegate.swift */,
				8706AB792A9FBE9C007D6DA4 /* SceneDelegate.swift */,
				8706AB822A9FBE9D007D6DA4 /* LaunchScreen.storyboard */,
			);
			path = Support;
			sourceTree = "<group>";
		};
		8754F83E2AA4922E008F4596 /* Extension */ = {
			isa = PBXGroup;
			children = (
				8754F83F2AA4924D008F4596 /* TextFieldExtension.swift */,
				87EE7B1D2ACC5B1E00161D9F /* NSMutableAttributedString.swift */,
			);
			path = Extension;
			sourceTree = "<group>";
		};
		87789A6B2ACEE234002FDE0C /* LoginReg */ = {
			isa = PBXGroup;
			children = (
				87800C3A2AB23FCD005AFBCF /* LoginCodeVC.swift */,
				8706AB912AA0D617007D6DA4 /* LoginVC.swift */,
				8754F8412AA4936F008F4596 /* RegVC.swift */,
			);
			path = LoginReg;
			sourceTree = "<group>";
		};
		87EE7B0D2AC6BDE000161D9F /* AgentDogovor */ = {
			isa = PBXGroup;
			children = (
				87EE7B0E2AC6BE1B00161D9F /* AgentContractVC.swift */,
				87789A692ACD7FAE002FDE0C /* AgentFormPhysical.swift */,
			);
			path = AgentDogovor;
			sourceTree = "<group>";
		};
		87EE7B162AC7061A00161D9F /* Tariff */ = {
			isa = PBXGroup;
			children = (
				87EE7B102AC6BEB900161D9F /* MyBidVC.swift */,
				87EE7B192AC723D400161D9F /* TarrifBidVC.swift */,
				87789A6C2ACEE62D002FDE0C /* BidStep2VC.swift */,
				87789A6E2ACEF3CF002FDE0C /* BidStep3VC.swift */,
				87EA8F892AD421CE00331A32 /* BidStep4VC.swift */,
			);
			path = Tariff;
			sourceTree = "<group>";
		};
/* End PBXGroup section */

/* Begin PBXNativeTarget section */
		8706AB732A9FBE9C007D6DA4 /* TehnoleasingCabinet */ = {
			isa = PBXNativeTarget;
			buildConfigurationList = 8706AB882A9FBE9D007D6DA4 /* Build configuration list for PBXNativeTarget "TehnoleasingCabinet" */;
			buildPhases = (
				8706AB702A9FBE9C007D6DA4 /* Sources */,
				8706AB712A9FBE9C007D6DA4 /* Frameworks */,
				8706AB722A9FBE9C007D6DA4 /* Resources */,
			);
			buildRules = (
			);
			dependencies = (
			);
			name = TehnoleasingCabinet;
			productName = TehnoleasingCabinet;
			productReference = 8706AB742A9FBE9C007D6DA4 /* TehnoleasingCabinet.app */;
			productType = "com.apple.product-type.application";
		};
/* End PBXNativeTarget section */

/* Begin PBXProject section */
		8706AB6C2A9FBE9C007D6DA4 /* Project object */ = {
			isa = PBXProject;
			attributes = {
				BuildIndependentTargetsInParallel = 1;
				LastSwiftUpdateCheck = 1410;
				LastUpgradeCheck = 1410;
				TargetAttributes = {
					8706AB732A9FBE9C007D6DA4 = {
						CreatedOnToolsVersion = 14.1;
					};
				};
			};
			buildConfigurationList = 8706AB6F2A9FBE9C007D6DA4 /* Build configuration list for PBXProject "TehnoleasingCabinet" */;
			compatibilityVersion = "Xcode 14.0";
			developmentRegion = en;
			hasScannedForEncodings = 0;
			knownRegions = (
				en,
				Base,
			);
			mainGroup = 8706AB6B2A9FBE9C007D6DA4;
			productRefGroup = 8706AB752A9FBE9C007D6DA4 /* Products */;
			projectDirPath = "";
			projectRoot = "";
			targets = (
				8706AB732A9FBE9C007D6DA4 /* TehnoleasingCabinet */,
			);
		};
/* End PBXProject section */

/* Begin PBXResourcesBuildPhase section */
		8706AB722A9FBE9C007D6DA4 /* Resources */ = {
			isa = PBXResourcesBuildPhase;
			buildActionMask = 2147483647;
			files = (
				8706AB842A9FBE9D007D6DA4 /* LaunchScreen.storyboard in Resources */,
				8706AB812A9FBE9D007D6DA4 /* Assets.xcassets in Resources */,
			);
			runOnlyForDeploymentPostprocessing = 0;
		};
/* End PBXResourcesBuildPhase section */

/* Begin PBXSourcesBuildPhase section */
		8706AB702A9FBE9C007D6DA4 /* Sources */ = {
			isa = PBXSourcesBuildPhase;
			buildActionMask = 2147483647;
			files = (
				87B1CE182AA4DFC5002F72B9 /* AskLabel.swift in Sources */,
				87789A6D2ACEE62D002FDE0C /* BidStep2VC.swift in Sources */,
				87EE7B152AC6BFC500161D9F /* TabController.swift in Sources */,
				87789A6F2ACEF3CF002FDE0C /* BidStep3VC.swift in Sources */,
				87B1CE1A2AA4F3C4002F72B9 /* TehnoBlueButton.swift in Sources */,
				87EE7B1C2AC9A1DE00161D9F /* ProfileVC.swift in Sources */,
				8754F8422AA4936F008F4596 /* RegVC.swift in Sources */,
				8706AB7C2A9FBE9C007D6DA4 /* ViewOnBorading.swift in Sources */,
				8754F8442AA4A755008F4596 /* CheckBoxButton.swift in Sources */,
				87789A6A2ACD7FAE002FDE0C /* AgentFormPhysical.swift in Sources */,
				8754F86C2AA4BB34008F4596 /* ViewController.swift in Sources */,
				87EE7B1E2ACC5B1E00161D9F /* NSMutableAttributedString.swift in Sources */,
				87EE7B112AC6BEB900161D9F /* MyBidVC.swift in Sources */,
				87B1CE162AA4CE8D002F72B9 /* FormLabel.swift in Sources */,
				87B1CE142AA4CD5F002F72B9 /* CustomTextField.swift in Sources */,
				8706AB902AA07B23007D6DA4 /* OnBoardingView.swift in Sources */,
				8706AB782A9FBE9C007D6DA4 /* AppDelegate.swift in Sources */,
				8754F8402AA4924D008F4596 /* TextFieldExtension.swift in Sources */,
				87EE7B0F2AC6BE1B00161D9F /* AgentContractVC.swift in Sources */,
				87EA8F8A2AD421CE00331A32 /* BidStep4VC.swift in Sources */,
				8706AB7A2A9FBE9C007D6DA4 /* SceneDelegate.swift in Sources */,
				8706AB922AA0D617007D6DA4 /* LoginVC.swift in Sources */,
				87EA8F8C2AD424AE00331A32 /* RadioButton.swift in Sources */,
				87EE7B1A2AC723D500161D9F /* TarrifBidVC.swift in Sources */,
				87800C3B2AB23FCD005AFBCF /* LoginCodeVC.swift in Sources */,
			);
			runOnlyForDeploymentPostprocessing = 0;
		};
/* End PBXSourcesBuildPhase section */

/* Begin PBXVariantGroup section */
		8706AB822A9FBE9D007D6DA4 /* LaunchScreen.storyboard */ = {
			isa = PBXVariantGroup;
			children = (
				8706AB832A9FBE9D007D6DA4 /* Base */,
			);
			name = LaunchScreen.storyboard;
			sourceTree = "<group>";
		};
/* End PBXVariantGroup section */

/* Begin XCBuildConfiguration section */
		8706AB862A9FBE9D007D6DA4 /* Debug */ = {
			isa = XCBuildConfiguration;
			buildSettings = {
				ALWAYS_SEARCH_USER_PATHS = NO;
				CLANG_ANALYZER_NONNULL = YES;
				CLANG_ANALYZER_NUMBER_OBJECT_CONVERSION = YES_AGGRESSIVE;
				CLANG_CXX_LANGUAGE_STANDARD = "gnu++20";
				CLANG_ENABLE_MODULES = YES;
				CLANG_ENABLE_OBJC_ARC = YES;
				CLANG_ENABLE_OBJC_WEAK = YES;
				CLANG_WARN_BLOCK_CAPTURE_AUTORELEASING = YES;
				CLANG_WARN_BOOL_CONVERSION = YES;
				CLANG_WARN_COMMA = YES;
				CLANG_WARN_CONSTANT_CONVERSION = YES;
				CLANG_WARN_DEPRECATED_OBJC_IMPLEMENTATIONS = YES;
				CLANG_WARN_DIRECT_OBJC_ISA_USAGE = YES_ERROR;
				CLANG_WARN_DOCUMENTATION_COMMENTS = YES;
				CLANG_WARN_EMPTY_BODY = YES;
				CLANG_WARN_ENUM_CONVERSION = YES;
				CLANG_WARN_INFINITE_RECURSION = YES;
				CLANG_WARN_INT_CONVERSION = YES;
				CLANG_WARN_NON_LITERAL_NULL_CONVERSION = YES;
				CLANG_WARN_OBJC_IMPLICIT_RETAIN_SELF = YES;
				CLANG_WARN_OBJC_LITERAL_CONVERSION = YES;
				CLANG_WARN_OBJC_ROOT_CLASS = YES_ERROR;
				CLANG_WARN_QUOTED_INCLUDE_IN_FRAMEWORK_HEADER = YES;
				CLANG_WARN_RANGE_LOOP_ANALYSIS = YES;
				CLANG_WARN_STRICT_PROTOTYPES = YES;
				CLANG_WARN_SUSPICIOUS_MOVE = YES;
				CLANG_WARN_UNGUARDED_AVAILABILITY = YES_AGGRESSIVE;
				CLANG_WARN_UNREACHABLE_CODE = YES;
				CLANG_WARN__DUPLICATE_METHOD_MATCH = YES;
				COPY_PHASE_STRIP = NO;
				DEBUG_INFORMATION_FORMAT = dwarf;
				ENABLE_STRICT_OBJC_MSGSEND = YES;
				ENABLE_TESTABILITY = YES;
				GCC_C_LANGUAGE_STANDARD = gnu11;
				GCC_DYNAMIC_NO_PIC = NO;
				GCC_NO_COMMON_BLOCKS = YES;
				GCC_OPTIMIZATION_LEVEL = 0;
				GCC_PREPROCESSOR_DEFINITIONS = (
					"DEBUG=1",
					"$(inherited)",
				);
				GCC_WARN_64_TO_32_BIT_CONVERSION = YES;
				GCC_WARN_ABOUT_RETURN_TYPE = YES_ERROR;
				GCC_WARN_UNDECLARED_SELECTOR = YES;
				GCC_WARN_UNINITIALIZED_AUTOS = YES_AGGRESSIVE;
				GCC_WARN_UNUSED_FUNCTION = YES;
				GCC_WARN_UNUSED_VARIABLE = YES;
				IPHONEOS_DEPLOYMENT_TARGET = 15.0;
				MTL_ENABLE_DEBUG_INFO = INCLUDE_SOURCE;
				MTL_FAST_MATH = YES;
				ONLY_ACTIVE_ARCH = YES;
				SDKROOT = iphoneos;
				SWIFT_ACTIVE_COMPILATION_CONDITIONS = DEBUG;
				SWIFT_OPTIMIZATION_LEVEL = "-Onone";
			};
			name = Debug;
		};
		8706AB872A9FBE9D007D6DA4 /* Release */ = {
			isa = XCBuildConfiguration;
			buildSettings = {
				ALWAYS_SEARCH_USER_PATHS = NO;
				CLANG_ANALYZER_NONNULL = YES;
				CLANG_ANALYZER_NUMBER_OBJECT_CONVERSION = YES_AGGRESSIVE;
				CLANG_CXX_LANGUAGE_STANDARD = "gnu++20";
				CLANG_ENABLE_MODULES = YES;
				CLANG_ENABLE_OBJC_ARC = YES;
				CLANG_ENABLE_OBJC_WEAK = YES;
				CLANG_WARN_BLOCK_CAPTURE_AUTORELEASING = YES;
				CLANG_WARN_BOOL_CONVERSION = YES;
				CLANG_WARN_COMMA = YES;
				CLANG_WARN_CONSTANT_CONVERSION = YES;
				CLANG_WARN_DEPRECATED_OBJC_IMPLEMENTATIONS = YES;
				CLANG_WARN_DIRECT_OBJC_ISA_USAGE = YES_ERROR;
				CLANG_WARN_DOCUMENTATION_COMMENTS = YES;
				CLANG_WARN_EMPTY_BODY = YES;
				CLANG_WARN_ENUM_CONVERSION = YES;
				CLANG_WARN_INFINITE_RECURSION = YES;
				CLANG_WARN_INT_CONVERSION = YES;
				CLANG_WARN_NON_LITERAL_NULL_CONVERSION = YES;
				CLANG_WARN_OBJC_IMPLICIT_RETAIN_SELF = YES;
				CLANG_WARN_OBJC_LITERAL_CONVERSION = YES;
				CLANG_WARN_OBJC_ROOT_CLASS = YES_ERROR;
				CLANG_WARN_QUOTED_INCLUDE_IN_FRAMEWORK_HEADER = YES;
				CLANG_WARN_RANGE_LOOP_ANALYSIS = YES;
				CLANG_WARN_STRICT_PROTOTYPES = YES;
				CLANG_WARN_SUSPICIOUS_MOVE = YES;
				CLANG_WARN_UNGUARDED_AVAILABILITY = YES_AGGRESSIVE;
				CLANG_WARN_UNREACHABLE_CODE = YES;
				CLANG_WARN__DUPLICATE_METHOD_MATCH = YES;
				COPY_PHASE_STRIP = NO;
				DEBUG_INFORMATION_FORMAT = "dwarf-with-dsym";
				ENABLE_NS_ASSERTIONS = NO;
				ENABLE_STRICT_OBJC_MSGSEND = YES;
				GCC_C_LANGUAGE_STANDARD = gnu11;
				GCC_NO_COMMON_BLOCKS = YES;
				GCC_WARN_64_TO_32_BIT_CONVERSION = YES;
				GCC_WARN_ABOUT_RETURN_TYPE = YES_ERROR;
				GCC_WARN_UNDECLARED_SELECTOR = YES;
				GCC_WARN_UNINITIALIZED_AUTOS = YES_AGGRESSIVE;
				GCC_WARN_UNUSED_FUNCTION = YES;
				GCC_WARN_UNUSED_VARIABLE = YES;
				IPHONEOS_DEPLOYMENT_TARGET = 15.0;
				MTL_ENABLE_DEBUG_INFO = NO;
				MTL_FAST_MATH = YES;
				SDKROOT = iphoneos;
				SWIFT_COMPILATION_MODE = wholemodule;
				SWIFT_OPTIMIZATION_LEVEL = "-O";
				VALIDATE_PRODUCT = YES;
			};
			name = Release;
		};
		8706AB892A9FBE9D007D6DA4 /* Debug */ = {
			isa = XCBuildConfiguration;
			buildSettings = {
				ASSETCATALOG_COMPILER_APPICON_NAME = AppIcon;
				ASSETCATALOG_COMPILER_GLOBAL_ACCENT_COLOR_NAME = AccentColor;
				CODE_SIGN_STYLE = Automatic;
				CURRENT_PROJECT_VERSION = 1;
				DEVELOPMENT_TEAM = HDHD4AMNPT;
				GENERATE_INFOPLIST_FILE = YES;
				INFOPLIST_FILE = TehnoleasingCabinet/Info.plist;
				INFOPLIST_KEY_UIApplicationSupportsIndirectInputEvents = YES;
				INFOPLIST_KEY_UILaunchStoryboardName = LaunchScreen;
				INFOPLIST_KEY_UIMainStoryboardFile = "";
				INFOPLIST_KEY_UIStatusBarStyle = "";
				INFOPLIST_KEY_UISupportedInterfaceOrientations = UIInterfaceOrientationPortrait;
				LD_RUNPATH_SEARCH_PATHS = (
					"$(inherited)",
					"@executable_path/Frameworks",
				);
				MARKETING_VERSION = 1.0;
				PRODUCT_BUNDLE_IDENTIFIER = com.home.TehnoleasingCabinet;
				PRODUCT_NAME = "$(TARGET_NAME)";
				SWIFT_EMIT_LOC_STRINGS = YES;
				SWIFT_VERSION = 5.0;
				TARGETED_DEVICE_FAMILY = "1,2";
			};
			name = Debug;
		};
		8706AB8A2A9FBE9D007D6DA4 /* Release */ = {
			isa = XCBuildConfiguration;
			buildSettings = {
				ASSETCATALOG_COMPILER_APPICON_NAME = AppIcon;
				ASSETCATALOG_COMPILER_GLOBAL_ACCENT_COLOR_NAME = AccentColor;
				CODE_SIGN_STYLE = Automatic;
				CURRENT_PROJECT_VERSION = 1;
				DEVELOPMENT_TEAM = HDHD4AMNPT;
				GENERATE_INFOPLIST_FILE = YES;
				INFOPLIST_FILE = TehnoleasingCabinet/Info.plist;
				INFOPLIST_KEY_UIApplicationSupportsIndirectInputEvents = YES;
				INFOPLIST_KEY_UILaunchStoryboardName = LaunchScreen;
				INFOPLIST_KEY_UIMainStoryboardFile = "";
				INFOPLIST_KEY_UIStatusBarStyle = "";
				INFOPLIST_KEY_UISupportedInterfaceOrientations = UIInterfaceOrientationPortrait;
				LD_RUNPATH_SEARCH_PATHS = (
					"$(inherited)",
					"@executable_path/Frameworks",
				);
				MARKETING_VERSION = 1.0;
				PRODUCT_BUNDLE_IDENTIFIER = com.home.TehnoleasingCabinet;
				PRODUCT_NAME = "$(TARGET_NAME)";
				SWIFT_EMIT_LOC_STRINGS = YES;
				SWIFT_VERSION = 5.0;
				TARGETED_DEVICE_FAMILY = "1,2";
			};
			name = Release;
		};
/* End XCBuildConfiguration section */

/* Begin XCConfigurationList section */
		8706AB6F2A9FBE9C007D6DA4 /* Build configuration list for PBXProject "TehnoleasingCabinet" */ = {
			isa = XCConfigurationList;
			buildConfigurations = (
				8706AB862A9FBE9D007D6DA4 /* Debug */,
				8706AB872A9FBE9D007D6DA4 /* Release */,
			);
			defaultConfigurationIsVisible = 0;
			defaultConfigurationName = Release;
		};
		8706AB882A9FBE9D007D6DA4 /* Build configuration list for PBXNativeTarget "TehnoleasingCabinet" */ = {
			isa = XCConfigurationList;
			buildConfigurations = (
				8706AB892A9FBE9D007D6DA4 /* Debug */,
				8706AB8A2A9FBE9D007D6DA4 /* Release */,
			);
			defaultConfigurationIsVisible = 0;
			defaultConfigurationName = Release;
		};
/* End XCConfigurationList section */
	};
	rootObject = 8706AB6C2A9FBE9C007D6DA4 /* Project object */;
}
